
Microsoft Visual Studio Solution File, Format Version 12.00
# Visual Studio Version 16
VisualStudioVersion = 16.0.33027.164
MinimumVisualStudioVersion = 10.0.40219.1
Project("{FAE04EC0-301F-11D3-BF4B-00C04F79EFBC}") = "EasySave1.0", "EasySave1.0\EasySave1.0.csproj", "{BB52A699-4D3E-4913-87F1-F728C4051E8E}"
EndProject
Global
	GlobalSection(SolutionConfigurationPlatforms) = preSolution
		Debug|Any CPU = Debug|Any CPU
		Release|Any CPU = Release|Any CPU
	EndGlobalSection
	GlobalSection(ProjectConfigurationPlatforms) = postSolution
		{BB52A699-4D3E-4913-87F1-F728C4051E8E}.Debug|Any CPU.ActiveCfg = Debug|Any CPU
		{BB52A699-4D3E-4913-87F1-F728C4051E8E}.Debug|Any CPU.Build.0 = Debug|Any CPU
		{BB52A699-4D3E-4913-87F1-F728C4051E8E}.Release|Any CPU.ActiveCfg = Release|Any CPU
		{BB52A699-4D3E-4913-87F1-F728C4051E8E}.Release|Any CPU.Build.0 = Release|Any CPU
	EndGlobalSection
	GlobalSection(SolutionProperties) = preSolution
		HideSolutionNode = FALSE
	EndGlobalSection
	GlobalSection(ExtensibilityGlobals) = postSolution
		SolutionGuid = {087431C9-F314-464A-89F2-097FB7E57C17}
	EndGlobalSection
EndGlobal
